
Microsoft Visual Studio Solution File, Format Version 12.00
Project("{FAE04EC0-301F-11D3-BF4B-00C04F79EFBC}") = "ToDoAPI", "ToDoAPI\ToDoAPI.csproj", "{4315671E-7699-425D-BF65-D594D086B7FF}"
EndProject
Project("{FAE04EC0-301F-11D3-BF4B-00C04F79EFBC}") = "Models", "Models\Models.csproj", "{A0650852-5EEC-444D-911F-4461EE91C2C7}"
EndProject
Project("{FAE04EC0-301F-11D3-BF4B-00C04F79EFBC}") = "Client.Models", "Client.Models\Client.Models.csproj", "{3166F91D-3848-4B85-902A-209E5BF505A4}"
EndProject
Project("{FAE04EC0-301F-11D3-BF4B-00C04F79EFBC}") = "Converters", "Converters\Converters.csproj", "{1E998FBE-1BB4-4CC0-AF6D-347CD5C1773A}"
EndProject
Global
	GlobalSection(SolutionConfigurationPlatforms) = preSolution
		Debug|Any CPU = Debug|Any CPU
		Release|Any CPU = Release|Any CPU
	EndGlobalSection
	GlobalSection(ProjectConfigurationPlatforms) = postSolution
		{4315671E-7699-425D-BF65-D594D086B7FF}.Debug|Any CPU.ActiveCfg = Debug|Any CPU
		{4315671E-7699-425D-BF65-D594D086B7FF}.Debug|Any CPU.Build.0 = Debug|Any CPU
		{4315671E-7699-425D-BF65-D594D086B7FF}.Release|Any CPU.ActiveCfg = Release|Any CPU
		{4315671E-7699-425D-BF65-D594D086B7FF}.Release|Any CPU.Build.0 = Release|Any CPU
		{A0650852-5EEC-444D-911F-4461EE91C2C7}.Debug|Any CPU.ActiveCfg = Debug|Any CPU
		{A0650852-5EEC-444D-911F-4461EE91C2C7}.Debug|Any CPU.Build.0 = Debug|Any CPU
		{A0650852-5EEC-444D-911F-4461EE91C2C7}.Release|Any CPU.ActiveCfg = Release|Any CPU
		{A0650852-5EEC-444D-911F-4461EE91C2C7}.Release|Any CPU.Build.0 = Release|Any CPU
		{3166F91D-3848-4B85-902A-209E5BF505A4}.Debug|Any CPU.ActiveCfg = Debug|Any CPU
		{3166F91D-3848-4B85-902A-209E5BF505A4}.Debug|Any CPU.Build.0 = Debug|Any CPU
		{3166F91D-3848-4B85-902A-209E5BF505A4}.Release|Any CPU.ActiveCfg = Release|Any CPU
		{3166F91D-3848-4B85-902A-209E5BF505A4}.Release|Any CPU.Build.0 = Release|Any CPU
		{1E998FBE-1BB4-4CC0-AF6D-347CD5C1773A}.Debug|Any CPU.ActiveCfg = Debug|Any CPU
		{1E998FBE-1BB4-4CC0-AF6D-347CD5C1773A}.Debug|Any CPU.Build.0 = Debug|Any CPU
		{1E998FBE-1BB4-4CC0-AF6D-347CD5C1773A}.Release|Any CPU.ActiveCfg = Release|Any CPU
		{1E998FBE-1BB4-4CC0-AF6D-347CD5C1773A}.Release|Any CPU.Build.0 = Release|Any CPU
	EndGlobalSection
EndGlobal
